Microsoft Visual Studio Solution File, Format Version 11.00
# Visual Studio 2008

Project("{B846373E-48CF-0023-6311-0FF72973F24B}") = "Battleship", "Assembly-CSharp.csproj", "{72E6F840-FE4B-B545-BA95-234EA0EAEB0D}"
EndProject
Project("{B846373E-48CF-0023-6311-0FF72973F24B}") = "Battleship", "Assembly-CSharp-Editor.csproj", "{DB25B0AD-41AA-7B39-CB8F-5C68BE1B6689}"
EndProject
Global
	GlobalSection(SolutionConfigurationPlatforms) = preSolution
		Debug|Any CPU = Debug|Any CPU
		Release|Any CPU = Release|Any CPU
	EndGlobalSection
	GlobalSection(ProjectConfigurationPlatforms) = postSolution
		{72E6F840-FE4B-B545-BA95-234EA0EAEB0D}.Debug|Any CPU.ActiveCfg = Debug|Any CPU
		{72E6F840-FE4B-B545-BA95-234EA0EAEB0D}.Debug|Any CPU.Build.0 = Debug|Any CPU
		{72E6F840-FE4B-B545-BA95-234EA0EAEB0D}.Release|Any CPU.ActiveCfg = Release|Any CPU
		{72E6F840-FE4B-B545-BA95-234EA0EAEB0D}.Release|Any CPU.Build.0 = Release|Any CPU
		{DB25B0AD-41AA-7B39-CB8F-5C68BE1B6689}.Debug|Any CPU.ActiveCfg = Debug|Any CPU
		{DB25B0AD-41AA-7B39-CB8F-5C68BE1B6689}.Debug|Any CPU.Build.0 = Debug|Any CPU
		{DB25B0AD-41AA-7B39-CB8F-5C68BE1B6689}.Release|Any CPU.ActiveCfg = Release|Any CPU
		{DB25B0AD-41AA-7B39-CB8F-5C68BE1B6689}.Release|Any CPU.Build.0 = Release|Any CPU
	EndGlobalSection
	GlobalSection(SolutionProperties) = preSolution
		HideSolutionNode = FALSE
	EndGlobalSection
	GlobalSection(MonoDevelopProperties) = preSolution
		StartupItem = Assembly-CSharp.csproj
	EndGlobalSection
EndGlobal
